
Microsoft Visual Studio Solution File, Format Version 12.00
# Visual Studio Version 17
VisualStudioVersion = 17.11.34929.205
MinimumVisualStudioVersion = 10.0.40219.1
Project("{8BC9CEB8-8B4A-11D0-8D11-00A0C91BC942}") = "RGB", "RGB.vcxproj", "{ADA9CE74-DD05-42ED-9C55-A084E4A23997}"
EndProject
Global
	GlobalSection(SolutionConfigurationPlatforms) = preSolution
		Debug|ARM64 = Debug|ARM64
		Debug|x64 = Debug|x64
		Debug|x86 = Debug|x86
		Release|ARM64 = Release|ARM64
		Release|x64 = Release|x64
		Release|x86 = Release|x86
	EndGlobalSection
	GlobalSection(ProjectConfigurationPlatforms) = postSolution
		{ADA9CE74-DD05-42ED-9C55-A084E4A23997}.Debug|ARM64.ActiveCfg = Debug|ARM64
		{ADA9CE74-DD05-42ED-9C55-A084E4A23997}.Debug|ARM64.Build.0 = Debug|ARM64
		{ADA9CE74-DD05-42ED-9C55-A084E4A23997}.Debug|x64.ActiveCfg = Debug|x64
		{ADA9CE74-DD05-42ED-9C55-A084E4A23997}.Debug|x64.Build.0 = Debug|x64
		{ADA9CE74-DD05-42ED-9C55-A084E4A23997}.Debug|x86.ActiveCfg = Debug|Win32
		{ADA9CE74-DD05-42ED-9C55-A084E4A23997}.Debug|x86.Build.0 = Debug|Win32
		{ADA9CE74-DD05-42ED-9C55-A084E4A23997}.Release|ARM64.ActiveCfg = Release|ARM64
		{ADA9CE74-DD05-42ED-9C55-A084E4A23997}.Release|ARM64.Build.0 = Release|ARM64
		{ADA9CE74-DD05-42ED-9C55-A084E4A23997}.Release|x64.ActiveCfg = Release|x64
		{ADA9CE74-DD05-42ED-9C55-A084E4A23997}.Release|x64.Build.0 = Release|x64
		{ADA9CE74-DD05-42ED-9C55-A084E4A23997}.Release|x86.ActiveCfg = Release|Win32
		{ADA9CE74-DD05-42ED-9C55-A084E4A23997}.Release|x86.Build.0 = Release|Win32
	EndGlobalSection
	GlobalSection(SolutionProperties) = preSolution
		HideSolutionNode = FALSE
	EndGlobalSection
	GlobalSection(ExtensibilityGlobals) = postSolution
		SolutionGuid = {00CACA1F-1881-40C0-B1E9-1F4EC0775801}
	EndGlobalSection
EndGlobal
